
Microsoft Visual Studio Solution File, Format Version 12.00
# Visual Studio Version 17
VisualStudioVersion = 17.10.34928.147
MinimumVisualStudioVersion = 10.0.40219.1
Project("{FAE04EC0-301F-11D3-BF4B-00C04F79EFBC}") = "Snake", "Snake\Snake.csproj", "{F015BEB1-ADED-451B-A20B-849AB67808FE}"
EndProject
Global
	GlobalSection(SolutionConfigurationPlatforms) = preSolution
		Debug|Any CPU = Debug|Any CPU
		Release|Any CPU = Release|Any CPU
	EndGlobalSection
	GlobalSection(ProjectConfigurationPlatforms) = postSolution
		{F015BEB1-ADED-451B-A20B-849AB67808FE}.Debug|Any CPU.ActiveCfg = Debug|Any CPU
		{F015BEB1-ADED-451B-A20B-849AB67808FE}.Debug|Any CPU.Build.0 = Debug|Any CPU
		{F015BEB1-ADED-451B-A20B-849AB67808FE}.Release|Any CPU.ActiveCfg = Release|Any CPU
		{F015BEB1-ADED-451B-A20B-849AB67808FE}.Release|Any CPU.Build.0 = Release|Any CPU
	EndGlobalSection
	GlobalSection(SolutionProperties) = preSolution
		HideSolutionNode = FALSE
	EndGlobalSection
	GlobalSection(ExtensibilityGlobals) = postSolution
		SolutionGuid = {DD022189-D763-4525-88A9-44751B5EF528}
	EndGlobalSection
EndGlobal
